
Microsoft Visual Studio Solution File, Format Version 12.00
# Visual Studio Version 17
VisualStudioVersion = 17.5.2.0
MinimumVisualStudioVersion = 10.0.40219.1
Project("{FAE04EC0-301F-11D3-BF4B-00C04F79EFBC}") = "API", "API\API.csproj", "{CBFA08EA-AECE-205F-7B85-326FD0B81BAD}"
EndProject
Project("{2150E333-8FDC-42A3-9474-1A3956D46DE8}") = "Tests", "Tests", "{0AB3BF05-4346-4AA6-1389-037BE0695223}"
EndProject
Project("{FAE04EC0-301F-11D3-BF4B-00C04F79EFBC}") = "Application.Tests", "Tests\Application.Tests\Application.Tests.csproj", "{FF47A483-BF8B-4FD9-92A0-AE400D46278F}"
EndProject
Project("{FAE04EC0-301F-11D3-BF4B-00C04F79EFBC}") = "Application", "Application\Application.csproj", "{4ED3D57E-9E28-497B-8442-51359038A91E}"
EndProject
Project("{FAE04EC0-301F-11D3-BF4B-00C04F79EFBC}") = "Domain", "Domain\Domain.csproj", "{3C31E31D-7F47-4465-90D4-50CEF721A180}"
EndProject
Project("{FAE04EC0-301F-11D3-BF4B-00C04F79EFBC}") = "Infrastructure.Tests", "Tests\Infrastructure.Tests\Infrastructure.Tests.csproj", "{53AED471-F870-40DB-AB0F-D97E46B4E4B8}"
EndProject
Project("{FAE04EC0-301F-11D3-BF4B-00C04F79EFBC}") = "Infrastructure", "Infrastructure\Infrastructure.csproj", "{5F104C16-6A6A-4C82-B73E-CE9E28D80A1F}"
EndProject
Project("{FAE04EC0-301F-11D3-BF4B-00C04F79EFBC}") = "API.Tests", "Tests\API.Tests\API.Tests.csproj", "{EACE67CE-CC0F-4028-8420-AA30EDB785E6}"
EndProject
Global
	GlobalSection(SolutionConfigurationPlatforms) = preSolution
		Debug|Any CPU = Debug|Any CPU
		Debug|x64 = Debug|x64
		Debug|x86 = Debug|x86
		Release|Any CPU = Release|Any CPU
		Release|x64 = Release|x64
		Release|x86 = Release|x86
	EndGlobalSection
	GlobalSection(ProjectConfigurationPlatforms) = postSolution
		{CBFA08EA-AECE-205F-7B85-326FD0B81BAD}.Debug|Any CPU.ActiveCfg = Debug|Any CPU
		{CBFA08EA-AECE-205F-7B85-326FD0B81BAD}.Debug|Any CPU.Build.0 = Debug|Any CPU
		{CBFA08EA-AECE-205F-7B85-326FD0B81BAD}.Debug|x64.ActiveCfg = Debug|Any CPU
		{CBFA08EA-AECE-205F-7B85-326FD0B81BAD}.Debug|x64.Build.0 = Debug|Any CPU
		{CBFA08EA-AECE-205F-7B85-326FD0B81BAD}.Debug|x86.ActiveCfg = Debug|Any CPU
		{CBFA08EA-AECE-205F-7B85-326FD0B81BAD}.Debug|x86.Build.0 = Debug|Any CPU
		{CBFA08EA-AECE-205F-7B85-326FD0B81BAD}.Release|Any CPU.ActiveCfg = Release|Any CPU
		{CBFA08EA-AECE-205F-7B85-326FD0B81BAD}.Release|Any CPU.Build.0 = Release|Any CPU
		{CBFA08EA-AECE-205F-7B85-326FD0B81BAD}.Release|x64.ActiveCfg = Release|Any CPU
		{CBFA08EA-AECE-205F-7B85-326FD0B81BAD}.Release|x64.Build.0 = Release|Any CPU
		{CBFA08EA-AECE-205F-7B85-326FD0B81BAD}.Release|x86.ActiveCfg = Release|Any CPU
		{CBFA08EA-AECE-205F-7B85-326FD0B81BAD}.Release|x86.Build.0 = Release|Any CPU
		{FF47A483-BF8B-4FD9-92A0-AE400D46278F}.Debug|Any CPU.ActiveCfg = Debug|Any CPU
		{FF47A483-BF8B-4FD9-92A0-AE400D46278F}.Debug|Any CPU.Build.0 = Debug|Any CPU
		{FF47A483-BF8B-4FD9-92A0-AE400D46278F}.Debug|x64.ActiveCfg = Debug|Any CPU
		{FF47A483-BF8B-4FD9-92A0-AE400D46278F}.Debug|x64.Build.0 = Debug|Any CPU
		{FF47A483-BF8B-4FD9-92A0-AE400D46278F}.Debug|x86.ActiveCfg = Debug|Any CPU
		{FF47A483-BF8B-4FD9-92A0-AE400D46278F}.Debug|x86.Build.0 = Debug|Any CPU
		{FF47A483-BF8B-4FD9-92A0-AE400D46278F}.Release|Any CPU.ActiveCfg = Release|Any CPU
		{FF47A483-BF8B-4FD9-92A0-AE400D46278F}.Release|Any CPU.Build.0 = Release|Any CPU
		{FF47A483-BF8B-4FD9-92A0-AE400D46278F}.Release|x64.ActiveCfg = Release|Any CPU
		{FF47A483-BF8B-4FD9-92A0-AE400D46278F}.Release|x64.Build.0 = Release|Any CPU
		{FF47A483-BF8B-4FD9-92A0-AE400D46278F}.Release|x86.ActiveCfg = Release|Any CPU
		{FF47A483-BF8B-4FD9-92A0-AE400D46278F}.Release|x86.Build.0 = Release|Any CPU
		{4ED3D57E-9E28-497B-8442-51359038A91E}.Debug|Any CPU.ActiveCfg = Debug|Any CPU
		{4ED3D57E-9E28-497B-8442-51359038A91E}.Debug|Any CPU.Build.0 = Debug|Any CPU
		{4ED3D57E-9E28-497B-8442-51359038A91E}.Debug|x64.ActiveCfg = Debug|Any CPU
		{4ED3D57E-9E28-497B-8442-51359038A91E}.Debug|x64.Build.0 = Debug|Any CPU
		{4ED3D57E-9E28-497B-8442-51359038A91E}.Debug|x86.ActiveCfg = Debug|Any CPU
		{4ED3D57E-9E28-497B-8442-51359038A91E}.Debug|x86.Build.0 = Debug|Any CPU
		{4ED3D57E-9E28-497B-8442-51359038A91E}.Release|Any CPU.ActiveCfg = Release|Any CPU
		{4ED3D57E-9E28-497B-8442-51359038A91E}.Release|Any CPU.Build.0 = Release|Any CPU
		{4ED3D57E-9E28-497B-8442-51359038A91E}.Release|x64.ActiveCfg = Release|Any CPU
		{4ED3D57E-9E28-497B-8442-51359038A91E}.Release|x64.Build.0 = Release|Any CPU
		{4ED3D57E-9E28-497B-8442-51359038A91E}.Release|x86.ActiveCfg = Release|Any CPU
		{4ED3D57E-9E28-497B-8442-51359038A91E}.Release|x86.Build.0 = Release|Any CPU
		{3C31E31D-7F47-4465-90D4-50CEF721A180}.Debug|Any CPU.ActiveCfg = Debug|Any CPU
		{3C31E31D-7F47-4465-90D4-50CEF721A180}.Debug|Any CPU.Build.0 = Debug|Any CPU
		{3C31E31D-7F47-4465-90D4-50CEF721A180}.Debug|x64.ActiveCfg = Debug|Any CPU
		{3C31E31D-7F47-4465-90D4-50CEF721A180}.Debug|x64.Build.0 = Debug|Any CPU
		{3C31E31D-7F47-4465-90D4-50CEF721A180}.Debug|x86.ActiveCfg = Debug|Any CPU
		{3C31E31D-7F47-4465-90D4-50CEF721A180}.Debug|x86.Build.0 = Debug|Any CPU
		{3C31E31D-7F47-4465-90D4-50CEF721A180}.Release|Any CPU.ActiveCfg = Release|Any CPU
		{3C31E31D-7F47-4465-90D4-50CEF721A180}.Release|Any CPU.Build.0 = Release|Any CPU
		{3C31E31D-7F47-4465-90D4-50CEF721A180}.Release|x64.ActiveCfg = Release|Any CPU
		{3C31E31D-7F47-4465-90D4-50CEF721A180}.Release|x64.Build.0 = Release|Any CPU
		{3C31E31D-7F47-4465-90D4-50CEF721A180}.Release|x86.ActiveCfg = Release|Any CPU
		{3C31E31D-7F47-4465-90D4-50CEF721A180}.Release|x86.Build.0 = Release|Any CPU
		{53AED471-F870-40DB-AB0F-D97E46B4E4B8}.Debug|Any CPU.ActiveCfg = Debug|Any CPU
		{53AED471-F870-40DB-AB0F-D97E46B4E4B8}.Debug|Any CPU.Build.0 = Debug|Any CPU
		{53AED471-F870-40DB-AB0F-D97E46B4E4B8}.Debug|x64.ActiveCfg = Debug|Any CPU
		{53AED471-F870-40DB-AB0F-D97E46B4E4B8}.Debug|x64.Build.0 = Debug|Any CPU
		{53AED471-F870-40DB-AB0F-D97E46B4E4B8}.Debug|x86.ActiveCfg = Debug|Any CPU
		{53AED471-F870-40DB-AB0F-D97E46B4E4B8}.Debug|x86.Build.0 = Debug|Any CPU
		{53AED471-F870-40DB-AB0F-D97E46B4E4B8}.Release|Any CPU.ActiveCfg = Release|Any CPU
		{53AED471-F870-40DB-AB0F-D97E46B4E4B8}.Release|Any CPU.Build.0 = Release|Any CPU
		{53AED471-F870-40DB-AB0F-D97E46B4E4B8}.Release|x64.ActiveCfg = Release|Any CPU
		{53AED471-F870-40DB-AB0F-D97E46B4E4B8}.Release|x64.Build.0 = Release|Any CPU
		{53AED471-F870-40DB-AB0F-D97E46B4E4B8}.Release|x86.ActiveCfg = Release|Any CPU
		{53AED471-F870-40DB-AB0F-D97E46B4E4B8}.Release|x86.Build.0 = Release|Any CPU
		{5F104C16-6A6A-4C82-B73E-CE9E28D80A1F}.Debug|Any CPU.ActiveCfg = Debug|Any CPU
		{5F104C16-6A6A-4C82-B73E-CE9E28D80A1F}.Debug|Any CPU.Build.0 = Debug|Any CPU
		{5F104C16-6A6A-4C82-B73E-CE9E28D80A1F}.Debug|x64.ActiveCfg = Debug|Any CPU
		{5F104C16-6A6A-4C82-B73E-CE9E28D80A1F}.Debug|x64.Build.0 = Debug|Any CPU
		{5F104C16-6A6A-4C82-B73E-CE9E28D80A1F}.Debug|x86.ActiveCfg = Debug|Any CPU
		{5F104C16-6A6A-4C82-B73E-CE9E28D80A1F}.Debug|x86.Build.0 = Debug|Any CPU
		{5F104C16-6A6A-4C82-B73E-CE9E28D80A1F}.Release|Any CPU.ActiveCfg = Release|Any CPU
		{5F104C16-6A6A-4C82-B73E-CE9E28D80A1F}.Release|Any CPU.Build.0 = Release|Any CPU
		{5F104C16-6A6A-4C82-B73E-CE9E28D80A1F}.Release|x64.ActiveCfg = Release|Any CPU
		{5F104C16-6A6A-4C82-B73E-CE9E28D80A1F}.Release|x64.Build.0 = Release|Any CPU
		{5F104C16-6A6A-4C82-B73E-CE9E28D80A1F}.Release|x86.ActiveCfg = Release|Any CPU
		{5F104C16-6A6A-4C82-B73E-CE9E28D80A1F}.Release|x86.Build.0 = Release|Any CPU
		{EACE67CE-CC0F-4028-8420-AA30EDB785E6}.Debug|Any CPU.ActiveCfg = Debug|Any CPU
		{EACE67CE-CC0F-4028-8420-AA30EDB785E6}.Debug|Any CPU.Build.0 = Debug|Any CPU
		{EACE67CE-CC0F-4028-8420-AA30EDB785E6}.Debug|x64.ActiveCfg = Debug|Any CPU
		{EACE67CE-CC0F-4028-8420-AA30EDB785E6}.Debug|x64.Build.0 = Debug|Any CPU
		{EACE67CE-CC0F-4028-8420-AA30EDB785E6}.Debug|x86.ActiveCfg = Debug|Any CPU
		{EACE67CE-CC0F-4028-8420-AA30EDB785E6}.Debug|x86.Build.0 = Debug|Any CPU
		{EACE67CE-CC0F-4028-8420-AA30EDB785E6}.Release|Any CPU.ActiveCfg = Release|Any CPU
		{EACE67CE-CC0F-4028-8420-AA30EDB785E6}.Release|Any CPU.Build.0 = Release|Any CPU
		{EACE67CE-CC0F-4028-8420-AA30EDB785E6}.Release|x64.ActiveCfg = Release|Any CPU
		{EACE67CE-CC0F-4028-8420-AA30EDB785E6}.Release|x64.Build.0 = Release|Any CPU
		{EACE67CE-CC0F-4028-8420-AA30EDB785E6}.Release|x86.ActiveCfg = Release|Any CPU
		{EACE67CE-CC0F-4028-8420-AA30EDB785E6}.Release|x86.Build.0 = Release|Any CPU
	EndGlobalSection
	GlobalSection(SolutionProperties) = preSolution
		HideSolutionNode = FALSE
	EndGlobalSection
	GlobalSection(NestedProjects) = preSolution
		{FF47A483-BF8B-4FD9-92A0-AE400D46278F} = {0AB3BF05-4346-4AA6-1389-037BE0695223}
		{53AED471-F870-40DB-AB0F-D97E46B4E4B8} = {0AB3BF05-4346-4AA6-1389-037BE0695223}
		{EACE67CE-CC0F-4028-8420-AA30EDB785E6} = {0AB3BF05-4346-4AA6-1389-037BE0695223}
	EndGlobalSection
	GlobalSection(ExtensibilityGlobals) = postSolution
		SolutionGuid = {2E8B94D0-75FC-4956-AE3D-ACC1B3767D6C}
	EndGlobalSection
EndGlobal
